
Microsoft Visual Studio Solution File, Format Version 12.00
# Visual Studio 15
VisualStudioVersion = 15.0.28307.2017
MinimumVisualStudioVersion = 10.0.40219.1
Project("{FAE04EC0-301F-11D3-BF4B-00C04F79EFBC}") = "Storepos", "Storepos\Storepos.csproj", "{D99611BF-3019-4DC1-865F-58ED8072A391}"
EndProject
Global
	GlobalSection(SolutionConfigurationPlatforms) = preSolution
		Debug|Any CPU = Debug|Any CPU
		Release|Any CPU = Release|Any CPU
	EndGlobalSection
	GlobalSection(ProjectConfigurationPlatforms) = postSolution
		{D99611BF-3019-4DC1-865F-58ED8072A391}.Debug|Any CPU.ActiveCfg = Debug|Any CPU
		{D99611BF-3019-4DC1-865F-58ED8072A391}.Debug|Any CPU.Build.0 = Debug|Any CPU
		{D99611BF-3019-4DC1-865F-58ED8072A391}.Release|Any CPU.ActiveCfg = Release|Any CPU
		{D99611BF-3019-4DC1-865F-58ED8072A391}.Release|Any CPU.Build.0 = Release|Any CPU
	EndGlobalSection
	GlobalSection(SolutionProperties) = preSolution
		HideSolutionNode = FALSE
	EndGlobalSection
	GlobalSection(ExtensibilityGlobals) = postSolution
		SolutionGuid = {1B1C456C-C5C4-44AB-AACD-DEDD578059F0}
	EndGlobalSection
EndGlobal
